<?xml version="1.0" encoding="UTF-8"?>
<!DOCTYPE plist PUBLIC "-//Apple//DTD PLIST 1.0//EN" "http://www.apple.com/DTDs/PropertyList-1.0.dtd">
<plist version="1.0">
<dict>
	<key>archiveVersion</key>
	<string>1</string>
	<key>classes</key>
	<dict/>
	<key>objectVersion</key>
	<string>46</string>
	<key>objects</key>
	<dict>
		<key>01F9AE903D7E2CDD2B56B45E</key>
		<dict>
			<key>buildActionMask</key>
			<string>2147483647</string>
			<key>files</key>
			<array/>
			<key>inputPaths</key>
			<array/>
			<key>isa</key>
			<string>PBXShellScriptBuildPhase</string>
			<key>name</key>
			<string>Check Pods Manifest.lock</string>
			<key>outputPaths</key>
			<array/>
			<key>runOnlyForDeploymentPostprocessing</key>
			<string>0</string>
			<key>shellPath</key>
			<string>/bin/sh</string>
			<key>shellScript</key>
			<string>diff "${PODS_ROOT}/../Podfile.lock" "${PODS_ROOT}/Manifest.lock" &gt; /dev/null
if [[ $? != 0 ]] ; then
    cat &lt;&lt; EOM
error: The sandbox is not in sync with the Podfile.lock. Run 'pod install' or update your CocoaPods installation.
EOM
    exit 1
fi
</string>
			<key>showEnvVarsInLog</key>
			<string>0</string>
		</dict>
		<key>076BF08D1680457B00ACF08A</key>
		<dict>
			<key>children</key>
			<array>
				<string>A81126701CCAA9860033CD2C</string>
				<string>A81126721CCAABF70033CD2C</string>
				<string>A81126731CCAABF70033CD2C</string>
				<string>A81126741CCAABF70033CD2C</string>
				<string>E13AC6D81CC6755E00E53B32</string>
				<string>E13AC6B81CC663F600E53B32</string>
			</array>
			<key>isa</key>
			<string>PBXGroup</string>
			<key>name</key>
			<string>Park Information</string>
			<key>sourceTree</key>
			<string>&lt;group&gt;</string>
		</dict>
		<key>076BF08F1680459100ACF08A</key>
		<dict>
			<key>children</key>
			<array>
				<string>FBDDF79E1CD11BCB007B3DB4</string>
				<string>FB5D14421CCBD499001FCED0</string>
				<string>E13AC6C81CC6754A00E53B32</string>
				<string>E13AC6C91CC6754A00E53B32</string>
				<string>E13AC6CA1CC6754A00E53B32</string>
				<string>E13AC6CB1CC6754A00E53B32</string>
				<string>E13AC6CC1CC6754A00E53B32</string>
				<string>E13AC6CD1CC6754A00E53B32</string>
				<string>E13AC6CE1CC6754A00E53B32</string>
				<string>E13AC6CF1CC6754A00E53B32</string>
			</array>
			<key>isa</key>
			<string>PBXGroup</string>
			<key>name</key>
			<string>Images</string>
			<key>sourceTree</key>
			<string>&lt;group&gt;</string>
		</dict>
		<key>076BF0901680459E00ACF08A</key>
		<dict>
			<key>children</key>
			<array>
				<string>E13AC6BA1CC6643000E53B32</string>
				<string>FBDDF79A1CCC1FDC007B3DB4</string>
				<string>A811266E1CCAA9510033CD2C</string>
			</array>
			<key>isa</key>
			<string>PBXGroup</string>
			<key>name</key>
			<string>Models</string>
			<key>sourceTree</key>
			<string>&lt;group&gt;</string>
		</dict>
		<key>076BF091168045BF00ACF08A</key>
		<dict>
			<key>children</key>
			<array>
				<string>E13AC6DA1CC678B100E53B32</string>
				<string>E13AC6DC1CC678F000E53B32</string>
			</array>
			<key>isa</key>
			<string>PBXGroup</string>
			<key>name</key>
			<string>Annotations</string>
			<key>sourceTree</key>
			<string>&lt;group&gt;</string>
		</dict>
		<key>076BF092168045C900ACF08A</key>
		<dict>
			<key>children</key>
			<array>
				<string>E13AC6BC1CC667CC00E53B32</string>
				<string>E13AC6BE1CC66BE000E53B32</string>
			</array>
			<key>isa</key>
			<string>PBXGroup</string>
			<key>name</key>
			<string>Overlays</string>
			<key>sourceTree</key>
			<string>&lt;group&gt;</string>
		</dict>
		<key>076BF093168045DE00ACF08A</key>
		<dict>
			<key>children</key>
			<array>
				<string>07866ACA165EE2B400D7BB3A</string>
				<string>07866ACD165EE2B400D7BB3A</string>
			</array>
			<key>isa</key>
			<string>PBXGroup</string>
			<key>name</key>
			<string>Storyboards</string>
			<key>sourceTree</key>
			<string>&lt;group&gt;</string>
		</dict>
		<key>07866AA3165EE2B400D7BB3A</key>
		<dict>
			<key>children</key>
			<array>
				<string>07866AB8165EE2B400D7BB3A</string>
				<string>07866AB1165EE2B400D7BB3A</string>
				<string>07866AAF165EE2B400D7BB3A</string>
				<string>C3CE36B3B4F5C763CFFAC7F8</string>
			</array>
			<key>isa</key>
			<string>PBXGroup</string>
			<key>sourceTree</key>
			<string>&lt;group&gt;</string>
		</dict>
		<key>07866AA5165EE2B400D7BB3A</key>
		<dict>
			<key>attributes</key>
			<dict>
				<key>CLASSPREFIX</key>
				<string></string>
				<key>LastSwiftMigration</key>
				<string>0720</string>
				<key>LastSwiftUpdateCheck</key>
				<string>0720</string>
				<key>LastTestingUpgradeCheck</key>
				<string>0510</string>
				<key>LastUpgradeCheck</key>
				<string>0730</string>
				<key>ORGANIZATIONNAME</key>
				<string>Chris Wagner</string>
			</dict>
			<key>buildConfigurationList</key>
			<string>07866AA8165EE2B400D7BB3A</string>
			<key>compatibilityVersion</key>
			<string>Xcode 3.2</string>
			<key>developmentRegion</key>
			<string>English</string>
			<key>hasScannedForEncodings</key>
			<string>0</string>
			<key>isa</key>
			<string>PBXProject</string>
			<key>knownRegions</key>
			<array>
				<string>en</string>
			</array>
			<key>mainGroup</key>
			<string>07866AA3165EE2B400D7BB3A</string>
			<key>productRefGroup</key>
			<string>07866AAF165EE2B400D7BB3A</string>
			<key>projectDirPath</key>
			<string></string>
			<key>projectReferences</key>
			<array/>
			<key>projectRoot</key>
			<string></string>
			<key>targets</key>
			<array>
				<string>07866AAD165EE2B400D7BB3A</string>
			</array>
		</dict>
		<key>07866AA8165EE2B400D7BB3A</key>
		<dict>
			<key>buildConfigurations</key>
			<array>
				<string>07866AE8165EE2B400D7BB3A</string>
				<string>07866AE9165EE2B400D7BB3A</string>
			</array>
			<key>defaultConfigurationIsVisible</key>
			<string>0</string>
			<key>defaultConfigurationName</key>
			<string>Release</string>
			<key>isa</key>
			<string>XCConfigurationList</string>
		</dict>
		<key>07866AAA165EE2B400D7BB3A</key>
		<dict>
			<key>buildActionMask</key>
			<string>2147483647</string>
			<key>files</key>
			<array>
				<string>A811266F1CCAA9510033CD2C</string>
				<string>FBDDF79B1CCC1FDC007B3DB4</string>
				<string>E13AC6DD1CC678F000E53B32</string>
				<string>FBDDF7961CCC1FA3007B3DB4</string>
				<string>E13AC6DB1CC678B100E53B32</string>
				<string>52D644161A0FFB7400CCA056</string>
				<string>FBDDF7971CCC1FA3007B3DB4</string>
				<string>52D644181A0FFD2600CCA056</string>
				<string>52D644141A0FF9E500CCA056</string>
				<string>E13AC6BD1CC667CC00E53B32</string>
				<string>E13AC6BF1CC66BE000E53B32</string>
				<string>E13AC6BB1CC6643000E53B32</string>
			</array>
			<key>isa</key>
			<string>PBXSourcesBuildPhase</string>
			<key>runOnlyForDeploymentPostprocessing</key>
			<string>0</string>
		</dict>
		<key>07866AAB165EE2B400D7BB3A</key>
		<dict>
			<key>buildActionMask</key>
			<string>2147483647</string>
			<key>files</key>
			<array>
				<string>523931951A16F25E00E62D70</string>
				<string>07A2E1DF167988AA00355A96</string>
				<string>07866AB3165EE2B400D7BB3A</string>
				<string>07866AB5165EE2B400D7BB3A</string>
				<string>07866AB7165EE2B400D7BB3A</string>
				<string>600E4EAC3940502281770209</string>
			</array>
			<key>isa</key>
			<string>PBXFrameworksBuildPhase</string>
			<key>runOnlyForDeploymentPostprocessing</key>
			<string>0</string>
		</dict>
		<key>07866AAC165EE2B400D7BB3A</key>
		<dict>
			<key>buildActionMask</key>
			<string>2147483647</string>
			<key>files</key>
			<array>
				<string>E13AC6D91CC6755E00E53B32</string>
				<string>07866ABD165EE2B400D7BB3A</string>
				<string>A81126751CCAABF70033CD2C</string>
				<string>E13AC6D41CC6754A00E53B32</string>
				<string>FBDDF7991CCC1FB6007B3DB4</string>
				<string>A81126771CCAABF70033CD2C</string>
				<string>07866AC5165EE2B400D7BB3A</string>
				<string>E13AC6D01CC6754A00E53B32</string>
				<string>FB5D14431CCBD499001FCED0</string>
				<string>E13AC6D61CC6754A00E53B32</string>
				<string>07866AC7165EE2B400D7BB3A</string>
				<string>FBDDF79F1CD11BCB007B3DB4</string>
				<string>E13AC6B91CC663F700E53B32</string>
				<string>07866AC9165EE2B400D7BB3A</string>
				<string>A81126711CCAA9860033CD2C</string>
				<string>A81126761CCAABF70033CD2C</string>
				<string>07866ACC165EE2B400D7BB3A</string>
				<string>07866ACF165EE2B400D7BB3A</string>
				<string>E13AC6D31CC6754A00E53B32</string>
				<string>E13AC6D11CC6754A00E53B32</string>
				<string>E13AC6D71CC6754A00E53B32</string>
				<string>E13AC6D51CC6754A00E53B32</string>
				<string>E13AC6D21CC6754A00E53B32</string>
			</array>
			<key>isa</key>
			<string>PBXResourcesBuildPhase</string>
			<key>runOnlyForDeploymentPostprocessing</key>
			<string>0</string>
		</dict>
		<key>07866AAD165EE2B400D7BB3A</key>
		<dict>
			<key>buildConfigurationList</key>
			<string>07866AEA165EE2B400D7BB3A</string>
			<key>buildPhases</key>
			<array>
				<string>01F9AE903D7E2CDD2B56B45E</string>
				<string>07866AAA165EE2B400D7BB3A</string>
				<string>07866AAB165EE2B400D7BB3A</string>
				<string>07866AAC165EE2B400D7BB3A</string>
				<string>47C74012DE4ECDD6F66F843B</string>
				<string>4E28BFE7EE14E081702CD420</string>
			</array>
			<key>buildRules</key>
			<array/>
			<key>dependencies</key>
			<array/>
			<key>isa</key>
			<string>PBXNativeTarget</string>
			<key>name</key>
			<string>Park View</string>
			<key>productName</key>
			<string>Park View</string>
			<key>productReference</key>
			<string>07866AAE165EE2B400D7BB3A</string>
			<key>productType</key>
			<string>com.apple.product-type.application</string>
		</dict>
		<key>07866AAE165EE2B400D7BB3A</key>
		<dict>
			<key>explicitFileType</key>
			<string>wrapper.application</string>
			<key>includeInIndex</key>
			<string>0</string>
			<key>isa</key>
			<string>PBXFileReference</string>
			<key>path</key>
			<string>Park View.app</string>
			<key>sourceTree</key>
			<string>BUILT_PRODUCTS_DIR</string>
		</dict>
		<key>07866AAF165EE2B400D7BB3A</key>
		<dict>
			<key>children</key>
			<array>
				<string>07866AAE165EE2B400D7BB3A</string>
			</array>
			<key>isa</key>
			<string>PBXGroup</string>
			<key>name</key>
			<string>Products</string>
			<key>sourceTree</key>
			<string>&lt;group&gt;</string>
		</dict>
		<key>07866AB1165EE2B400D7BB3A</key>
		<dict>
			<key>children</key>
			<array>
				<string>523931941A16F25E00E62D70</string>
				<string>07A2E1DE167988AA00355A96</string>
				<string>07866AB2165EE2B400D7BB3A</string>
				<string>07866AB4165EE2B400D7BB3A</string>
				<string>07866AB6165EE2B400D7BB3A</string>
				<string>34932849B71E0D2CB5BB79C0</string>
			</array>
			<key>isa</key>
			<string>PBXGroup</string>
			<key>name</key>
			<string>Frameworks</string>
			<key>sourceTree</key>
			<string>&lt;group&gt;</string>
		</dict>
		<key>07866AB2165EE2B400D7BB3A</key>
		<dict>
			<key>isa</key>
			<string>PBXFileReference</string>
			<key>lastKnownFileType</key>
			<string>wrapper.framework</string>
			<key>name</key>
			<string>UIKit.framework</string>
			<key>path</key>
			<string>System/Library/Frameworks/UIKit.framework</string>
			<key>sourceTree</key>
			<string>SDKROOT</string>
		</dict>
		<key>07866AB3165EE2B400D7BB3A</key>
		<dict>
			<key>fileRef</key>
			<string>07866AB2165EE2B400D7BB3A</string>
			<key>isa</key>
			<string>PBXBuildFile</string>
		</dict>
		<key>07866AB4165EE2B400D7BB3A</key>
		<dict>
			<key>isa</key>
			<string>PBXFileReference</string>
			<key>lastKnownFileType</key>
			<string>wrapper.framework</string>
			<key>name</key>
			<string>Foundation.framework</string>
			<key>path</key>
			<string>System/Library/Frameworks/Foundation.framework</string>
			<key>sourceTree</key>
			<string>SDKROOT</string>
		</dict>
		<key>07866AB5165EE2B400D7BB3A</key>
		<dict>
			<key>fileRef</key>
			<string>07866AB4165EE2B400D7BB3A</string>
			<key>isa</key>
			<string>PBXBuildFile</string>
		</dict>
		<key>07866AB6165EE2B400D7BB3A</key>
		<dict>
			<key>isa</key>
			<string>PBXFileReference</string>
			<key>lastKnownFileType</key>
			<string>wrapper.framework</string>
			<key>name</key>
			<string>CoreGraphics.framework</string>
			<key>path</key>
			<string>System/Library/Frameworks/CoreGraphics.framework</string>
			<key>sourceTree</key>
			<string>SDKROOT</string>
		</dict>
		<key>07866AB7165EE2B400D7BB3A</key>
		<dict>
			<key>fileRef</key>
			<string>07866AB6165EE2B400D7BB3A</string>
			<key>isa</key>
			<string>PBXBuildFile</string>
		</dict>
		<key>07866AB8165EE2B400D7BB3A</key>
		<dict>
			<key>children</key>
			<array>
				<string>076BF08F1680459100ACF08A</string>
				<string>076BF08D1680457B00ACF08A</string>
				<string>076BF0901680459E00ACF08A</string>
				<string>076BF092168045C900ACF08A</string>
				<string>076BF091168045BF00ACF08A</string>
				<string>076BF093168045DE00ACF08A</string>
				<string>FBDDF7981CCC1FB6007B3DB4</string>
				<string>52D644151A0FFB7400CCA056</string>
				<string>FBDDF7941CCC1FA2007B3DB4</string>
				<string>FBDDF7951CCC1FA2007B3DB4</string>
				<string>52D644131A0FF9E500CCA056</string>
				<string>07866AB9165EE2B400D7BB3A</string>
				<string>52D644171A0FFD2600CCA056</string>
			</array>
			<key>isa</key>
			<string>PBXGroup</string>
			<key>path</key>
			<string>Park View</string>
			<key>sourceTree</key>
			<string>&lt;group&gt;</string>
		</dict>
		<key>07866AB9165EE2B400D7BB3A</key>
		<dict>
			<key>children</key>
			<array>
				<string>A85E77DE1CCC85D300555F54</string>
				<string>07866ABA165EE2B400D7BB3A</string>
				<string>07866ABB165EE2B400D7BB3A</string>
				<string>07866AC0165EE2B400D7BB3A</string>
				<string>07866AC4165EE2B400D7BB3A</string>
				<string>07866AC6165EE2B400D7BB3A</string>
				<string>07866AC8165EE2B400D7BB3A</string>
			</array>
			<key>isa</key>
			<string>PBXGroup</string>
			<key>name</key>
			<string>Supporting Files</string>
			<key>sourceTree</key>
			<string>&lt;group&gt;</string>
		</dict>
		<key>07866ABA165EE2B400D7BB3A</key>
		<dict>
			<key>isa</key>
			<string>PBXFileReference</string>
			<key>lastKnownFileType</key>
			<string>text.plist.xml</string>
			<key>path</key>
			<string>Park View-Info.plist</string>
			<key>sourceTree</key>
			<string>&lt;group&gt;</string>
		</dict>
		<key>07866ABB165EE2B400D7BB3A</key>
		<dict>
			<key>children</key>
			<array>
				<string>07866ABC165EE2B400D7BB3A</string>
			</array>
			<key>isa</key>
			<string>PBXVariantGroup</string>
			<key>name</key>
			<string>InfoPlist.strings</string>
			<key>sourceTree</key>
			<string>&lt;group&gt;</string>
		</dict>
		<key>07866ABC165EE2B400D7BB3A</key>
		<dict>
			<key>isa</key>
			<string>PBXFileReference</string>
			<key>lastKnownFileType</key>
			<string>text.plist.strings</string>
			<key>name</key>
			<string>en</string>
			<key>path</key>
			<string>en.lproj/InfoPlist.strings</string>
			<key>sourceTree</key>
			<string>&lt;group&gt;</string>
		</dict>
		<key>07866ABD165EE2B400D7BB3A</key>
		<dict>
			<key>fileRef</key>
			<string>07866ABB165EE2B400D7BB3A</string>
			<key>isa</key>
			<string>PBXBuildFile</string>
		</dict>
		<key>07866AC0165EE2B400D7BB3A</key>
		<dict>
			<key>isa</key>
			<string>PBXFileReference</string>
			<key>lastKnownFileType</key>
			<string>sourcecode.c.h</string>
			<key>path</key>
			<string>Park View-Prefix.pch</string>
			<key>sourceTree</key>
			<string>&lt;group&gt;</string>
		</dict>
		<key>07866AC4165EE2B400D7BB3A</key>
		<dict>
			<key>isa</key>
			<string>PBXFileReference</string>
			<key>lastKnownFileType</key>
			<string>image.png</string>
			<key>path</key>
			<string>Default.png</string>
			<key>sourceTree</key>
			<string>&lt;group&gt;</string>
		</dict>
		<key>07866AC5165EE2B400D7BB3A</key>
		<dict>
			<key>fileRef</key>
			<string>07866AC4165EE2B400D7BB3A</string>
			<key>isa</key>
			<string>PBXBuildFile</string>
		</dict>
		<key>07866AC6165EE2B400D7BB3A</key>
		<dict>
			<key>isa</key>
			<string>PBXFileReference</string>
			<key>lastKnownFileType</key>
			<string>image.png</string>
			<key>path</key>
			<string>Default@2x.png</string>
			<key>sourceTree</key>
			<string>&lt;group&gt;</string>
		</dict>
		<key>07866AC7165EE2B400D7BB3A</key>
		<dict>
			<key>fileRef</key>
			<string>07866AC6165EE2B400D7BB3A</string>
			<key>isa</key>
			<string>PBXBuildFile</string>
		</dict>
		<key>07866AC8165EE2B400D7BB3A</key>
		<dict>
			<key>isa</key>
			<string>PBXFileReference</string>
			<key>lastKnownFileType</key>
			<string>image.png</string>
			<key>path</key>
			<string>Default-568h@2x.png</string>
			<key>sourceTree</key>
			<string>&lt;group&gt;</string>
		</dict>
		<key>07866AC9165EE2B400D7BB3A</key>
		<dict>
			<key>fileRef</key>
			<string>07866AC8165EE2B400D7BB3A</string>
			<key>isa</key>
			<string>PBXBuildFile</string>
		</dict>
		<key>07866ACA165EE2B400D7BB3A</key>
		<dict>
			<key>children</key>
			<array>
				<string>07866ACB165EE2B400D7BB3A</string>
			</array>
			<key>isa</key>
			<string>PBXVariantGroup</string>
			<key>name</key>
			<string>MainStoryboard_iPhone.storyboard</string>
			<key>sourceTree</key>
			<string>&lt;group&gt;</string>
		</dict>
		<key>07866ACB165EE2B400D7BB3A</key>
		<dict>
			<key>isa</key>
			<string>PBXFileReference</string>
			<key>lastKnownFileType</key>
			<string>file.storyboard</string>
			<key>name</key>
			<string>en</string>
			<key>path</key>
			<string>en.lproj/MainStoryboard_iPhone.storyboard</string>
			<key>sourceTree</key>
			<string>&lt;group&gt;</string>
		</dict>
		<key>07866ACC165EE2B400D7BB3A</key>
		<dict>
			<key>fileRef</key>
			<string>07866ACA165EE2B400D7BB3A</string>
			<key>isa</key>
			<string>PBXBuildFile</string>
		</dict>
		<key>07866ACD165EE2B400D7BB3A</key>
		<dict>
			<key>children</key>
			<array>
				<string>07866ACE165EE2B400D7BB3A</string>
			</array>
			<key>isa</key>
			<string>PBXVariantGroup</string>
			<key>name</key>
			<string>MainStoryboard_iPad.storyboard</string>
			<key>sourceTree</key>
			<string>&lt;group&gt;</string>
		</dict>
		<key>07866ACE165EE2B400D7BB3A</key>
		<dict>
			<key>isa</key>
			<string>PBXFileReference</string>
			<key>lastKnownFileType</key>
			<string>file.storyboard</string>
			<key>name</key>
			<string>en</string>
			<key>path</key>
			<string>en.lproj/MainStoryboard_iPad.storyboard</string>
			<key>sourceTree</key>
			<string>&lt;group&gt;</string>
		</dict>
		<key>07866ACF165EE2B400D7BB3A</key>
		<dict>
			<key>fileRef</key>
			<string>07866ACD165EE2B400D7BB3A</string>
			<key>isa</key>
			<string>PBXBuildFile</string>
		</dict>
		<key>07866AE8165EE2B400D7BB3A</key>
		<dict>
			<key>buildSettings</key>
			<dict>
				<key>ALWAYS_SEARCH_USER_PATHS</key>
				<string>NO</string>
				<key>CLANG_CXX_LANGUAGE_STANDARD</key>
				<string>gnu++0x</string>
				<key>CLANG_CXX_LIBRARY</key>
				<string>libc++</string>
				<key>CLANG_ENABLE_OBJC_ARC</key>
				<string>YES</string>
				<key>CLANG_WARN_EMPTY_BODY</key>
				<string>YES</string>
				<key>CLANG_WARN__DUPLICATE_METHOD_MATCH</key>
				<string>YES</string>
				<key>CODE_SIGN_IDENTITY[sdk=iphoneos*]</key>
				<string>iPhone Developer</string>
				<key>COPY_PHASE_STRIP</key>
				<string>NO</string>
				<key>ENABLE_TESTABILITY</key>
				<string>YES</string>
				<key>GCC_C_LANGUAGE_STANDARD</key>
				<string>gnu99</string>
				<key>GCC_DYNAMIC_NO_PIC</key>
				<string>NO</string>
				<key>GCC_OPTIMIZATION_LEVEL</key>
				<string>0</string>
				<key>GCC_PREPROCESSOR_DEFINITIONS</key>
				<array>
					<string>DEBUG=1</string>
					<string>$(inherited)</string>
				</array>
				<key>GCC_SYMBOLS_PRIVATE_EXTERN</key>
				<string>NO</string>
				<key>GCC_WARN_ABOUT_RETURN_TYPE</key>
				<string>YES</string>
				<key>GCC_WARN_UNINITIALIZED_AUTOS</key>
				<string>YES</string>
				<key>GCC_WARN_UNUSED_VARIABLE</key>
				<string>YES</string>
				<key>IPHONEOS_DEPLOYMENT_TARGET</key>
				<string>8.1</string>
				<key>ONLY_ACTIVE_ARCH</key>
				<string>YES</string>
				<key>SDKROOT</key>
				<string>iphoneos</string>
				<key>TARGETED_DEVICE_FAMILY</key>
				<string>1,2</string>
			</dict>
			<key>isa</key>
			<string>XCBuildConfiguration</string>
			<key>name</key>
			<string>Debug</string>
		</dict>
		<key>07866AE9165EE2B400D7BB3A</key>
		<dict>
			<key>buildSettings</key>
			<dict>
				<key>ALWAYS_SEARCH_USER_PATHS</key>
				<string>NO</string>
				<key>CLANG_CXX_LANGUAGE_STANDARD</key>
				<string>gnu++0x</string>
				<key>CLANG_CXX_LIBRARY</key>
				<string>libc++</string>
				<key>CLANG_ENABLE_OBJC_ARC</key>
				<string>YES</string>
				<key>CLANG_WARN_EMPTY_BODY</key>
				<string>YES</string>
				<key>CLANG_WARN__DUPLICATE_METHOD_MATCH</key>
				<string>YES</string>
				<key>CODE_SIGN_IDENTITY[sdk=iphoneos*]</key>
				<string>iPhone Developer</string>
				<key>COPY_PHASE_STRIP</key>
				<string>YES</string>
				<key>GCC_C_LANGUAGE_STANDARD</key>
				<string>gnu99</string>
				<key>GCC_WARN_ABOUT_RETURN_TYPE</key>
				<string>YES</string>
				<key>GCC_WARN_UNINITIALIZED_AUTOS</key>
				<string>YES</string>
				<key>GCC_WARN_UNUSED_VARIABLE</key>
				<string>YES</string>
				<key>IPHONEOS_DEPLOYMENT_TARGET</key>
				<string>8.1</string>
				<key>OTHER_CFLAGS</key>
				<string>-DNS_BLOCK_ASSERTIONS=1</string>
				<key>SDKROOT</key>
				<string>iphoneos</string>
				<key>TARGETED_DEVICE_FAMILY</key>
				<string>1,2</string>
				<key>VALIDATE_PRODUCT</key>
				<string>YES</string>
			</dict>
			<key>isa</key>
			<string>XCBuildConfiguration</string>
			<key>name</key>
			<string>Release</string>
		</dict>
		<key>07866AEA165EE2B400D7BB3A</key>
		<dict>
			<key>buildConfigurations</key>
			<array>
				<string>07866AEB165EE2B400D7BB3A</string>
				<string>07866AEC165EE2B400D7BB3A</string>
			</array>
			<key>defaultConfigurationIsVisible</key>
			<string>0</string>
			<key>defaultConfigurationName</key>
			<string>Release</string>
			<key>isa</key>
			<string>XCConfigurationList</string>
		</dict>
		<key>07866AEB165EE2B400D7BB3A</key>
		<dict>
			<key>baseConfigurationReference</key>
			<string>192DD87ACD57D58CBD408030</string>
			<key>buildSettings</key>
			<dict>
				<key>CLANG_ENABLE_MODULES</key>
				<string>YES</string>
				<key>GCC_PRECOMPILE_PREFIX_HEADER</key>
				<string>YES</string>
				<key>GCC_PREFIX_HEADER</key>
				<string>Park View/Park View-Prefix.pch</string>
				<key>INFOPLIST_FILE</key>
				<string>Park View/Park View-Info.plist</string>
				<key>IPHONEOS_DEPLOYMENT_TARGET</key>
				<string>7.0</string>
				<key>LD_RUNPATH_SEARCH_PATHS</key>
				<string>$(inherited) @executable_path/Frameworks</string>
				<key>PRODUCT_BUNDLE_IDENTIFIER</key>
				<string>com.chriswagner.${PRODUCT_NAME:rfc1034identifier}</string>
				<key>PRODUCT_NAME</key>
				<string>$(TARGET_NAME)</string>
				<key>SWIFT_OPTIMIZATION_LEVEL</key>
				<string>-Onone</string>
				<key>WRAPPER_EXTENSION</key>
				<string>app</string>
			</dict>
			<key>isa</key>
			<string>XCBuildConfiguration</string>
			<key>name</key>
			<string>Debug</string>
		</dict>
		<key>07866AEC165EE2B400D7BB3A</key>
		<dict>
			<key>baseConfigurationReference</key>
			<string>8BCB1C29977D8785163AE5CB</string>
			<key>buildSettings</key>
			<dict>
				<key>CLANG_ENABLE_MODULES</key>
				<string>YES</string>
				<key>GCC_PRECOMPILE_PREFIX_HEADER</key>
				<string>YES</string>
				<key>GCC_PREFIX_HEADER</key>
				<string>Park View/Park View-Prefix.pch</string>
				<key>INFOPLIST_FILE</key>
				<string>Park View/Park View-Info.plist</string>
				<key>IPHONEOS_DEPLOYMENT_TARGET</key>
				<string>7.0</string>
				<key>LD_RUNPATH_SEARCH_PATHS</key>
				<string>$(inherited) @executable_path/Frameworks</string>
				<key>PRODUCT_BUNDLE_IDENTIFIER</key>
				<string>com.chriswagner.${PRODUCT_NAME:rfc1034identifier}</string>
				<key>PRODUCT_NAME</key>
				<string>$(TARGET_NAME)</string>
				<key>WRAPPER_EXTENSION</key>
				<string>app</string>
			</dict>
			<key>isa</key>
			<string>XCBuildConfiguration</string>
			<key>name</key>
			<string>Release</string>
		</dict>
		<key>07A2E1DE167988AA00355A96</key>
		<dict>
			<key>isa</key>
			<string>PBXFileReference</string>
			<key>lastKnownFileType</key>
			<string>wrapper.framework</string>
			<key>name</key>
			<string>CoreLocation.framework</string>
			<key>path</key>
			<string>System/Library/Frameworks/CoreLocation.framework</string>
			<key>sourceTree</key>
			<string>SDKROOT</string>
		</dict>
		<key>07A2E1DF167988AA00355A96</key>
		<dict>
			<key>fileRef</key>
			<string>07A2E1DE167988AA00355A96</string>
			<key>isa</key>
			<string>PBXBuildFile</string>
		</dict>
		<key>192DD87ACD57D58CBD408030</key>
		<dict>
			<key>includeInIndex</key>
			<string>1</string>
			<key>isa</key>
			<string>PBXFileReference</string>
			<key>lastKnownFileType</key>
			<string>text.xcconfig</string>
			<key>name</key>
			<string>Pods-Park View.debug.xcconfig</string>
			<key>path</key>
			<string>Pods/Target Support Files/Pods-Park View/Pods-Park View.debug.xcconfig</string>
			<key>sourceTree</key>
			<string>&lt;group&gt;</string>
		</dict>
		<key>34932849B71E0D2CB5BB79C0</key>
		<dict>
			<key>explicitFileType</key>
			<string>wrapper.framework</string>
			<key>includeInIndex</key>
			<string>0</string>
			<key>isa</key>
			<string>PBXFileReference</string>
			<key>path</key>
			<string>Pods_Park_View.framework</string>
			<key>sourceTree</key>
			<string>BUILT_PRODUCTS_DIR</string>
		</dict>
		<key>47C74012DE4ECDD6F66F843B</key>
		<dict>
			<key>buildActionMask</key>
			<string>2147483647</string>
			<key>files</key>
			<array/>
			<key>inputPaths</key>
			<array/>
			<key>isa</key>
			<string>PBXShellScriptBuildPhase</string>
			<key>name</key>
			<string>Embed Pods Frameworks</string>
			<key>outputPaths</key>
			<array/>
			<key>runOnlyForDeploymentPostprocessing</key>
			<string>0</string>
			<key>shellPath</key>
			<string>/bin/sh</string>
			<key>shellScript</key>
			<string>"${SRCROOT}/Pods/Target Support Files/Pods-Park View/Pods-Park View-frameworks.sh"
</string>
			<key>showEnvVarsInLog</key>
			<string>0</string>
		</dict>
		<key>4E28BFE7EE14E081702CD420</key>
		<dict>
			<key>buildActionMask</key>
			<string>2147483647</string>
			<key>files</key>
			<array/>
			<key>inputPaths</key>
			<array/>
			<key>isa</key>
			<string>PBXShellScriptBuildPhase</string>
			<key>name</key>
			<string>Copy Pods Resources</string>
			<key>outputPaths</key>
			<array/>
			<key>runOnlyForDeploymentPostprocessing</key>
			<string>0</string>
			<key>shellPath</key>
			<string>/bin/sh</string>
			<key>shellScript</key>
			<string>"${SRCROOT}/Pods/Target Support Files/Pods-Park View/Pods-Park View-resources.sh"
</string>
			<key>showEnvVarsInLog</key>
			<string>0</string>
		</dict>
		<key>523931941A16F25E00E62D70</key>
		<dict>
			<key>isa</key>
			<string>PBXFileReference</string>
			<key>lastKnownFileType</key>
			<string>wrapper.framework</string>
			<key>name</key>
			<string>MapKit.framework</string>
			<key>path</key>
			<string>System/Library/Frameworks/MapKit.framework</string>
			<key>sourceTree</key>
			<string>SDKROOT</string>
		</dict>
		<key>523931951A16F25E00E62D70</key>
		<dict>
			<key>fileRef</key>
			<string>523931941A16F25E00E62D70</string>
			<key>isa</key>
			<string>PBXBuildFile</string>
		</dict>
		<key>52D644131A0FF9E500CCA056</key>
		<dict>
			<key>fileEncoding</key>
			<string>4</string>
			<key>isa</key>
			<string>PBXFileReference</string>
			<key>lastKnownFileType</key>
			<string>sourcecode.swift</string>
			<key>path</key>
			<string>MapOptionsViewController.swift</string>
			<key>sourceTree</key>
			<string>&lt;group&gt;</string>
		</dict>
		<key>52D644141A0FF9E500CCA056</key>
		<dict>
			<key>fileRef</key>
			<string>52D644131A0FF9E500CCA056</string>
			<key>isa</key>
			<string>PBXBuildFile</string>
		</dict>
		<key>52D644151A0FFB7400CCA056</key>
		<dict>
			<key>fileEncoding</key>
			<string>4</string>
			<key>isa</key>
			<string>PBXFileReference</string>
			<key>lastKnownFileType</key>
			<string>sourcecode.swift</string>
			<key>path</key>
			<string>ParkMapViewController.swift</string>
			<key>sourceTree</key>
			<string>&lt;group&gt;</string>
		</dict>
		<key>52D644161A0FFB7400CCA056</key>
		<dict>
			<key>fileRef</key>
			<string>52D644151A0FFB7400CCA056</string>
			<key>isa</key>
			<string>PBXBuildFile</string>
		</dict>
		<key>52D644171A0FFD2600CCA056</key>
		<dict>
			<key>fileEncoding</key>
			<string>4</string>
			<key>isa</key>
			<string>PBXFileReference</string>
			<key>lastKnownFileType</key>
			<string>sourcecode.swift</string>
			<key>path</key>
			<string>AppDelegate.swift</string>
			<key>sourceTree</key>
			<string>&lt;group&gt;</string>
		</dict>
		<key>52D644181A0FFD2600CCA056</key>
		<dict>
			<key>fileRef</key>
			<string>52D644171A0FFD2600CCA056</string>
			<key>isa</key>
			<string>PBXBuildFile</string>
		</dict>
		<key>600E4EAC3940502281770209</key>
		<dict>
			<key>fileRef</key>
			<string>34932849B71E0D2CB5BB79C0</string>
			<key>isa</key>
			<string>PBXBuildFile</string>
		</dict>
		<key>8BCB1C29977D8785163AE5CB</key>
		<dict>
			<key>includeInIndex</key>
			<string>1</string>
			<key>isa</key>
			<string>PBXFileReference</string>
			<key>lastKnownFileType</key>
			<string>text.xcconfig</string>
			<key>name</key>
			<string>Pods-Park View.release.xcconfig</string>
			<key>path</key>
			<string>Pods/Target Support Files/Pods-Park View/Pods-Park View.release.xcconfig</string>
			<key>sourceTree</key>
			<string>&lt;group&gt;</string>
		</dict>
		<key>A811266E1CCAA9510033CD2C</key>
		<dict>
			<key>fileEncoding</key>
			<string>4</string>
			<key>isa</key>
			<string>PBXFileReference</string>
			<key>lastKnownFileType</key>
			<string>sourcecode.swift</string>
			<key>path</key>
			<string>Character.swift</string>
			<key>sourceTree</key>
			<string>&lt;group&gt;</string>
		</dict>
		<key>A811266F1CCAA9510033CD2C</key>
		<dict>
			<key>fileRef</key>
			<string>A811266E1CCAA9510033CD2C</string>
			<key>isa</key>
			<string>PBXBuildFile</string>
		</dict>
		<key>A81126701CCAA9860033CD2C</key>
		<dict>
			<key>fileEncoding</key>
			<string>4</string>
			<key>isa</key>
			<string>PBXFileReference</string>
			<key>lastKnownFileType</key>
			<string>text.plist.xml</string>
			<key>name</key>
			<string>EntranceToGoliathRoute.plist</string>
			<key>path</key>
			<string>../../PVParkViewSwiftResources/EntranceToGoliathRoute.plist</string>
			<key>sourceTree</key>
			<string>&lt;group&gt;</string>
		</dict>
		<key>A81126711CCAA9860033CD2C</key>
		<dict>
			<key>fileRef</key>
			<string>A81126701CCAA9860033CD2C</string>
			<key>isa</key>
			<string>PBXBuildFile</string>
		</dict>
		<key>A81126721CCAABF70033CD2C</key>
		<dict>
			<key>fileEncoding</key>
			<string>4</string>
			<key>isa</key>
			<string>PBXFileReference</string>
			<key>lastKnownFileType</key>
			<string>text.plist.xml</string>
			<key>name</key>
			<string>BatmanLocations.plist</string>
			<key>path</key>
			<string>../../PVParkViewSwiftResources/character-locations/BatmanLocations.plist</string>
			<key>sourceTree</key>
			<string>&lt;group&gt;</string>
		</dict>
		<key>A81126731CCAABF70033CD2C</key>
		<dict>
			<key>fileEncoding</key>
			<string>4</string>
			<key>isa</key>
			<string>PBXFileReference</string>
			<key>lastKnownFileType</key>
			<string>text.plist.xml</string>
			<key>name</key>
			<string>TazLocations.plist</string>
			<key>path</key>
			<string>../../PVParkViewSwiftResources/character-locations/TazLocations.plist</string>
			<key>sourceTree</key>
			<string>&lt;group&gt;</string>
		</dict>
		<key>A81126741CCAABF70033CD2C</key>
		<dict>
			<key>fileEncoding</key>
			<string>4</string>
			<key>isa</key>
			<string>PBXFileReference</string>
			<key>lastKnownFileType</key>
			<string>text.plist.xml</string>
			<key>name</key>
			<string>TweetyBirdLocations.plist</string>
			<key>path</key>
			<string>../../PVParkViewSwiftResources/character-locations/TweetyBirdLocations.plist</string>
			<key>sourceTree</key>
			<string>&lt;group&gt;</string>
		</dict>
		<key>A81126751CCAABF70033CD2C</key>
		<dict>
			<key>fileRef</key>
			<string>A81126721CCAABF70033CD2C</string>
			<key>isa</key>
			<string>PBXBuildFile</string>
		</dict>
		<key>A81126761CCAABF70033CD2C</key>
		<dict>
			<key>fileRef</key>
			<string>A81126731CCAABF70033CD2C</string>
			<key>isa</key>
			<string>PBXBuildFile</string>
		</dict>
		<key>A81126771CCAABF70033CD2C</key>
		<dict>
			<key>fileRef</key>
			<string>A81126741CCAABF70033CD2C</string>
			<key>isa</key>
			<string>PBXBuildFile</string>
		</dict>
		<key>A85E77DE1CCC85D300555F54</key>
		<dict>
			<key>isa</key>
			<string>PBXFileReference</string>
			<key>lastKnownFileType</key>
			<string>sourcecode.c.h</string>
			<key>name</key>
			<string>FoldingCellFramework.h</string>
			<key>path</key>
			<string>../../../../../../Documents/folding-cell-master/FoldingCell/FoldingCellFramework/FoldingCellFramework.h</string>
			<key>sourceTree</key>
			<string>&lt;group&gt;</string>
		</dict>
		<key>C3CE36B3B4F5C763CFFAC7F8</key>
		<dict>
			<key>children</key>
			<array>
				<string>192DD87ACD57D58CBD408030</string>
				<string>8BCB1C29977D8785163AE5CB</string>
			</array>
			<key>isa</key>
			<string>PBXGroup</string>
			<key>name</key>
			<string>Pods</string>
			<key>sourceTree</key>
			<string>&lt;group&gt;</string>
		</dict>
		<key>E13AC6B81CC663F600E53B32</key>
		<dict>
			<key>fileEncoding</key>
			<string>4</string>
			<key>isa</key>
			<string>PBXFileReference</string>
			<key>lastKnownFileType</key>
			<string>text.plist.xml</string>
			<key>name</key>
			<string>MagicMountain.plist</string>
			<key>path</key>
			<string>../../PVParkViewSwiftResources/MagicMountain.plist</string>
			<key>sourceTree</key>
			<string>&lt;group&gt;</string>
		</dict>
		<key>E13AC6B91CC663F700E53B32</key>
		<dict>
			<key>fileRef</key>
			<string>E13AC6B81CC663F600E53B32</string>
			<key>isa</key>
			<string>PBXBuildFile</string>
		</dict>
		<key>E13AC6BA1CC6643000E53B32</key>
		<dict>
			<key>fileEncoding</key>
			<string>4</string>
			<key>isa</key>
			<string>PBXFileReference</string>
			<key>lastKnownFileType</key>
			<string>sourcecode.swift</string>
			<key>path</key>
			<string>Park.swift</string>
			<key>sourceTree</key>
			<string>&lt;group&gt;</string>
		</dict>
		<key>E13AC6BB1CC6643000E53B32</key>
		<dict>
			<key>fileRef</key>
			<string>E13AC6BA1CC6643000E53B32</string>
			<key>isa</key>
			<string>PBXBuildFile</string>
		</dict>
		<key>E13AC6BC1CC667CC00E53B32</key>
		<dict>
			<key>fileEncoding</key>
			<string>4</string>
			<key>isa</key>
			<string>PBXFileReference</string>
			<key>lastKnownFileType</key>
			<string>sourcecode.swift</string>
			<key>path</key>
			<string>ParkMapOverlay.swift</string>
			<key>sourceTree</key>
			<string>&lt;group&gt;</string>
		</dict>
		<key>E13AC6BD1CC667CC00E53B32</key>
		<dict>
			<key>fileRef</key>
			<string>E13AC6BC1CC667CC00E53B32</string>
			<key>isa</key>
			<string>PBXBuildFile</string>
		</dict>
		<key>E13AC6BE1CC66BE000E53B32</key>
		<dict>
			<key>fileEncoding</key>
			<string>4</string>
			<key>isa</key>
			<string>PBXFileReference</string>
			<key>lastKnownFileType</key>
			<string>sourcecode.swift</string>
			<key>path</key>
			<string>ParkMapOverlayView.swift</string>
			<key>sourceTree</key>
			<string>&lt;group&gt;</string>
		</dict>
		<key>E13AC6BF1CC66BE000E53B32</key>
		<dict>
			<key>fileRef</key>
			<string>E13AC6BE1CC66BE000E53B32</string>
			<key>isa</key>
			<string>PBXBuildFile</string>
		</dict>
		<key>E13AC6C81CC6754A00E53B32</key>
		<dict>
			<key>isa</key>
			<string>PBXFileReference</string>
			<key>lastKnownFileType</key>
			<string>image.png</string>
			<key>name</key>
			<string>firstaid.png</string>
			<key>path</key>
			<string>../../PVParkViewSwiftResources/annotation-images/firstaid.png</string>
			<key>sourceTree</key>
			<string>&lt;group&gt;</string>
		</dict>
		<key>E13AC6C91CC6754A00E53B32</key>
		<dict>
			<key>isa</key>
			<string>PBXFileReference</string>
			<key>lastKnownFileType</key>
			<string>image.png</string>
			<key>name</key>
			<string>firstaid@2x.png</string>
			<key>path</key>
			<string>../../PVParkViewSwiftResources/annotation-images/firstaid@2x.png</string>
			<key>sourceTree</key>
			<string>&lt;group&gt;</string>
		</dict>
		<key>E13AC6CA1CC6754A00E53B32</key>
		<dict>
			<key>isa</key>
			<string>PBXFileReference</string>
			<key>lastKnownFileType</key>
			<string>image.png</string>
			<key>name</key>
			<string>food.png</string>
			<key>path</key>
			<string>../../PVParkViewSwiftResources/annotation-images/food.png</string>
			<key>sourceTree</key>
			<string>&lt;group&gt;</string>
		</dict>
		<key>E13AC6CB1CC6754A00E53B32</key>
		<dict>
			<key>isa</key>
			<string>PBXFileReference</string>
			<key>lastKnownFileType</key>
			<string>image.png</string>
			<key>name</key>
			<string>food@2x.png</string>
			<key>path</key>
			<string>../../PVParkViewSwiftResources/annotation-images/food@2x.png</string>
			<key>sourceTree</key>
			<string>&lt;group&gt;</string>
		</dict>
		<key>E13AC6CC1CC6754A00E53B32</key>
		<dict>
			<key>isa</key>
			<string>PBXFileReference</string>
			<key>lastKnownFileType</key>
			<string>image.png</string>
			<key>name</key>
			<string>ride.png</string>
			<key>path</key>
			<string>../../PVParkViewSwiftResources/annotation-images/ride.png</string>
			<key>sourceTree</key>
			<string>&lt;group&gt;</string>
		</dict>
		<key>E13AC6CD1CC6754A00E53B32</key>
		<dict>
			<key>isa</key>
			<string>PBXFileReference</string>
			<key>lastKnownFileType</key>
			<string>image.png</string>
			<key>name</key>
			<string>ride@2x.png</string>
			<key>path</key>
			<string>../../PVParkViewSwiftResources/annotation-images/ride@2x.png</string>
			<key>sourceTree</key>
			<string>&lt;group&gt;</string>
		</dict>
		<key>E13AC6CE1CC6754A00E53B32</key>
		<dict>
			<key>isa</key>
			<string>PBXFileReference</string>
			<key>lastKnownFileType</key>
			<string>image.png</string>
			<key>name</key>
			<string>star.png</string>
			<key>path</key>
			<string>../../PVParkViewSwiftResources/annotation-images/star.png</string>
			<key>sourceTree</key>
			<string>&lt;group&gt;</string>
		</dict>
		<key>E13AC6CF1CC6754A00E53B32</key>
		<dict>
			<key>isa</key>
			<string>PBXFileReference</string>
			<key>lastKnownFileType</key>
			<string>image.png</string>
			<key>name</key>
			<string>star@2x.png</string>
			<key>path</key>
			<string>../../PVParkViewSwiftResources/annotation-images/star@2x.png</string>
			<key>sourceTree</key>
			<string>&lt;group&gt;</string>
		</dict>
		<key>E13AC6D01CC6754A00E53B32</key>
		<dict>
			<key>fileRef</key>
			<string>E13AC6C81CC6754A00E53B32</string>
			<key>isa</key>
			<string>PBXBuildFile</string>
		</dict>
		<key>E13AC6D11CC6754A00E53B32</key>
		<dict>
			<key>fileRef</key>
			<string>E13AC6C91CC6754A00E53B32</string>
			<key>isa</key>
			<string>PBXBuildFile</string>
		</dict>
		<key>E13AC6D21CC6754A00E53B32</key>
		<dict>
			<key>fileRef</key>
			<string>E13AC6CA1CC6754A00E53B32</string>
			<key>isa</key>
			<string>PBXBuildFile</string>
		</dict>
		<key>E13AC6D31CC6754A00E53B32</key>
		<dict>
			<key>fileRef</key>
			<string>E13AC6CB1CC6754A00E53B32</string>
			<key>isa</key>
			<string>PBXBuildFile</string>
		</dict>
		<key>E13AC6D41CC6754A00E53B32</key>
		<dict>
			<key>fileRef</key>
			<string>E13AC6CC1CC6754A00E53B32</string>
			<key>isa</key>
			<string>PBXBuildFile</string>
		</dict>
		<key>E13AC6D51CC6754A00E53B32</key>
		<dict>
			<key>fileRef</key>
			<string>E13AC6CD1CC6754A00E53B32</string>
			<key>isa</key>
			<string>PBXBuildFile</string>
		</dict>
		<key>E13AC6D61CC6754A00E53B32</key>
		<dict>
			<key>fileRef</key>
			<string>E13AC6CE1CC6754A00E53B32</string>
			<key>isa</key>
			<string>PBXBuildFile</string>
		</dict>
		<key>E13AC6D71CC6754A00E53B32</key>
		<dict>
			<key>fileRef</key>
			<string>E13AC6CF1CC6754A00E53B32</string>
			<key>isa</key>
			<string>PBXBuildFile</string>
		</dict>
		<key>E13AC6D81CC6755E00E53B32</key>
		<dict>
			<key>fileEncoding</key>
			<string>4</string>
			<key>isa</key>
			<string>PBXFileReference</string>
			<key>lastKnownFileType</key>
			<string>text.plist.xml</string>
			<key>name</key>
			<string>MagicMountainAttractions.plist</string>
			<key>path</key>
			<string>../../PVParkViewSwiftResources/MagicMountainAttractions.plist</string>
			<key>sourceTree</key>
			<string>&lt;group&gt;</string>
		</dict>
		<key>E13AC6D91CC6755E00E53B32</key>
		<dict>
			<key>fileRef</key>
			<string>E13AC6D81CC6755E00E53B32</string>
			<key>isa</key>
			<string>PBXBuildFile</string>
		</dict>
		<key>E13AC6DA1CC678B100E53B32</key>
		<dict>
			<key>fileEncoding</key>
			<string>4</string>
			<key>isa</key>
			<string>PBXFileReference</string>
			<key>lastKnownFileType</key>
			<string>sourcecode.swift</string>
			<key>path</key>
			<string>AttractionAnnotation.swift</string>
			<key>sourceTree</key>
			<string>&lt;group&gt;</string>
		</dict>
		<key>E13AC6DB1CC678B100E53B32</key>
		<dict>
			<key>fileRef</key>
			<string>E13AC6DA1CC678B100E53B32</string>
			<key>isa</key>
			<string>PBXBuildFile</string>
		</dict>
		<key>E13AC6DC1CC678F000E53B32</key>
		<dict>
			<key>fileEncoding</key>
			<string>4</string>
			<key>isa</key>
			<string>PBXFileReference</string>
			<key>lastKnownFileType</key>
			<string>sourcecode.swift</string>
			<key>path</key>
			<string>AttractionAnnotationView.swift</string>
			<key>sourceTree</key>
			<string>&lt;group&gt;</string>
		</dict>
		<key>E13AC6DD1CC678F000E53B32</key>
		<dict>
			<key>fileRef</key>
			<string>E13AC6DC1CC678F000E53B32</string>
			<key>isa</key>
			<string>PBXBuildFile</string>
		</dict>
		<key>FB5D14421CCBD499001FCED0</key>
		<dict>
			<key>isa</key>
			<string>PBXFileReference</string>
			<key>lastKnownFileType</key>
			<string>image.png</string>
			<key>name</key>
			<string>mapbase.png</string>
			<key>path</key>
			<string>../../PVParkViewSwiftResources/mapbase.png</string>
			<key>sourceTree</key>
			<string>&lt;group&gt;</string>
		</dict>
		<key>FB5D14431CCBD499001FCED0</key>
		<dict>
			<key>fileRef</key>
			<string>FB5D14421CCBD499001FCED0</string>
			<key>isa</key>
			<string>PBXBuildFile</string>
		</dict>
		<key>FBDDF7941CCC1FA2007B3DB4</key>
		<dict>
			<key>fileEncoding</key>
			<string>4</string>
			<key>isa</key>
			<string>PBXFileReference</string>
			<key>lastKnownFileType</key>
			<string>sourcecode.swift</string>
			<key>name</key>
			<string>DemoCell.swift</string>
			<key>path</key>
			<string>FoldingCell/DemoCell.swift</string>
			<key>sourceTree</key>
			<string>&lt;group&gt;</string>
		</dict>
		<key>FBDDF7951CCC1FA2007B3DB4</key>
		<dict>
			<key>fileEncoding</key>
			<string>4</string>
			<key>isa</key>
			<string>PBXFileReference</string>
			<key>lastKnownFileType</key>
			<string>sourcecode.swift</string>
			<key>name</key>
			<string>MainTableViewController.swift</string>
			<key>path</key>
			<string>FoldingCell/MainTableViewController.swift</string>
			<key>sourceTree</key>
			<string>&lt;group&gt;</string>
		</dict>
		<key>FBDDF7961CCC1FA3007B3DB4</key>
		<dict>
			<key>fileRef</key>
			<string>FBDDF7941CCC1FA2007B3DB4</string>
			<key>isa</key>
			<string>PBXBuildFile</string>
		</dict>
		<key>FBDDF7971CCC1FA3007B3DB4</key>
		<dict>
			<key>fileRef</key>
			<string>FBDDF7951CCC1FA2007B3DB4</string>
			<key>isa</key>
			<string>PBXBuildFile</string>
		</dict>
		<key>FBDDF7981CCC1FB6007B3DB4</key>
		<dict>
			<key>isa</key>
			<string>PBXFileReference</string>
			<key>lastKnownFileType</key>
			<string>folder.assetcatalog</string>
			<key>name</key>
			<string>Assets.xcassets</string>
			<key>path</key>
			<string>FoldingCell/Assets.xcassets</string>
			<key>sourceTree</key>
			<string>&lt;group&gt;</string>
		</dict>
		<key>FBDDF7991CCC1FB6007B3DB4</key>
		<dict>
			<key>fileRef</key>
			<string>FBDDF7981CCC1FB6007B3DB4</string>
			<key>isa</key>
			<string>PBXBuildFile</string>
		</dict>
		<key>FBDDF79A1CCC1FDC007B3DB4</key>
		<dict>
			<key>fileEncoding</key>
			<string>4</string>
			<key>isa</key>
			<string>PBXFileReference</string>
			<key>lastKnownFileType</key>
			<string>sourcecode.swift</string>
			<key>name</key>
			<string>FoldingCell.swift</string>
			<key>path</key>
			<string>FoldingCell/FoldingCell/FoldingCell.swift</string>
			<key>sourceTree</key>
			<string>&lt;group&gt;</string>
		</dict>
		<key>FBDDF79B1CCC1FDC007B3DB4</key>
		<dict>
			<key>fileRef</key>
			<string>FBDDF79A1CCC1FDC007B3DB4</string>
			<key>isa</key>
			<string>PBXBuildFile</string>
		</dict>
		<key>FBDDF79E1CD11BCB007B3DB4</key>
		<dict>
			<key>isa</key>
			<string>PBXFileReference</string>
			<key>lastKnownFileType</key>
			<string>image.png</string>
			<key>name</key>
			<string>warning2.png</string>
			<key>path</key>
			<string>../../PVParkViewSwiftResources/annotation-images/warning2.png</string>
			<key>sourceTree</key>
			<string>&lt;group&gt;</string>
		</dict>
		<key>FBDDF79F1CD11BCB007B3DB4</key>
		<dict>
			<key>fileRef</key>
			<string>FBDDF79E1CD11BCB007B3DB4</string>
			<key>isa</key>
			<string>PBXBuildFile</string>
		</dict>
	</dict>
	<key>rootObject</key>
	<string>07866AA5165EE2B400D7BB3A</string>
</dict>
</plist>
